
Microsoft Visual Studio Solution File, Format Version 12.00
# Visual Studio Version 16
VisualStudioVersion = 16.0.30611.23
MinimumVisualStudioVersion = 10.0.40219.1
Project("{FAE04EC0-301F-11D3-BF4B-00C04F79EFBC}") = "ToujoursDebout", "ToujoursDebout.csproj", "{539449AA-DFFD-46BC-8B96-4C5AD170201C}"
EndProject
Global
	GlobalSection(SolutionConfigurationPlatforms) = preSolution
		Debug|Any CPU = Debug|Any CPU
		Release|Any CPU = Release|Any CPU
	EndGlobalSection
	GlobalSection(ProjectConfigurationPlatforms) = postSolution
		{539449AA-DFFD-46BC-8B96-4C5AD170201C}.Debug|Any CPU.ActiveCfg = Debug|Any CPU
		{539449AA-DFFD-46BC-8B96-4C5AD170201C}.Debug|Any CPU.Build.0 = Debug|Any CPU
		{539449AA-DFFD-46BC-8B96-4C5AD170201C}.Release|Any CPU.ActiveCfg = Release|Any CPU
		{539449AA-DFFD-46BC-8B96-4C5AD170201C}.Release|Any CPU.Build.0 = Release|Any CPU
	EndGlobalSection
	GlobalSection(SolutionProperties) = preSolution
		HideSolutionNode = FALSE
	EndGlobalSection
	GlobalSection(ExtensibilityGlobals) = postSolution
		SolutionGuid = {6B0E448F-2F16-42F9-9ED4-A2D2D5E92434}
	EndGlobalSection
EndGlobal
